{
  "name": "wsmis-attendance-device-bridge",
  "version": "1.0.0",
  "lockfileVersion": 3,
  "requires": true,
  "packages": {
    "": {
      "name": "wsmis-attendance-device-bridge",
      "version": "1.0.0",
      "license": "UNLICENSED",
      "dependencies": {
        "zk-attendance-sdk": "2.3.0"
      }
    },
    "node_modules/zk-attendance-sdk": {
      "version": "2.3.0",
      "resolved": "https://registry.npmjs.org/zk-attendance-sdk/-/zk-attendance-sdk-2.3.0.tgz",
      "integrity": "sha512-T+mmkoXxennlAkOHp5JioqznDDuYEbcMRIIdagCf+ywcQ9rn/sAjA5GKAJCUyZR17ekY22mr+kGvzTaNZQUMxA==",
      "license": "MIT",
      "engines": {
        "node": ">=18.0.0",
        "pnpm": ">=10.20.0"
      },
      "funding": {
        "type": "github",
        "url": "https://github.com/sponsors/jmrashed"
      }
    }
  }
}
